Microsoft Visual Studio Solution File, Format Version 12.00
# Visual Studio Version 17
VisualStudioVersion = 17.5.2.0
MinimumVisualStudioVersion = 10.0.40219.1
Project("{FAE04EC0-301F-11D3-BF4B-00C04F79EFBC}") = "Atc.Wpf.NetworkControls", "Atc.Wpf.NetworkControls.csproj", "{AD62F04D-6432-2B99-C1EE-490B2716C1B0}"
EndProject
Global
	GlobalSection(SolutionConfigurationPlatforms) = preSolution
		Debug|Any CPU = Debug|Any CPU
		Release|Any CPU = Release|Any CPU
	EndGlobalSection
	GlobalSection(ProjectConfigurationPlatforms) = postSolution
		{AD62F04D-6432-2B99-C1EE-490B2716C1B0}.Debug|Any CPU.ActiveCfg = Debug|Any CPU
		{AD62F04D-6432-2B99-C1EE-490B2716C1B0}.Debug|Any CPU.Build.0 = Debug|Any CPU
		{AD62F04D-6432-2B99-C1EE-490B2716C1B0}.Release|Any CPU.ActiveCfg = Release|Any CPU
		{AD62F04D-6432-2B99-C1EE-490B2716C1B0}.Release|Any CPU.Build.0 = Release|Any CPU
	EndGlobalSection
	GlobalSection(SolutionProperties) = preSolution
		HideSolutionNode = FALSE
	EndGlobalSection
	GlobalSection(ExtensibilityGlobals) = postSolution
		SolutionGuid = {CB04F161-C401-4055-877C-A1E48F72EDEE}
	EndGlobalSection
EndGlobal
