
Microsoft Visual Studio Solution File, Format Version 12.00
# Visual Studio Version 17
VisualStudioVersion = 17.0.31903.59
MinimumVisualStudioVersion = 15.0.26124.0
Project("{9A19103F-16F7-4668-BE54-9A1E7A4F7556}") = "Atc.Wpf.Tests", "test\Atc.Wpf.Tests\Atc.Wpf.Tests.csproj", "{281A8963-0302-4E28-84FB-8D16A13F6B2B}"
EndProject
Project("{9A19103F-16F7-4668-BE54-9A1E7A4F7556}") = "Atc.Wpf.Sample", "sample\Atc.Wpf.Sample\Atc.Wpf.Sample.csproj", "{C8D94D8E-5177-4EEE-8056-A3764B247013}"
EndProject
Project("{2150E333-8FDC-42A3-9474-1A3956D46DE8}") = "sample", "sample", "{CBB934C5-7D23-4490-8A8F-8807DEC9543D}"
EndProject
Project("{2150E333-8FDC-42A3-9474-1A3956D46DE8}") = "test", "test", "{2C893B25-2401-44B7-9FDA-7DC496C00D2B}"
EndProject
Project("{2150E333-8FDC-42A3-9474-1A3956D46DE8}") = "src", "src", "{0FA723AA-8BA7-42AD-9C08-6491F364A258}"
EndProject
Project("{9A19103F-16F7-4668-BE54-9A1E7A4F7556}") = "Atc.Wpf", "src\Atc.Wpf\Atc.Wpf.csproj", "{0FBD009E-1905-4354-980E-9AD5199BD172}"
EndProject
Project("{9A19103F-16F7-4668-BE54-9A1E7A4F7556}") = "Atc.Wpf.Theming", "src\Atc.Wpf.Theming\Atc.Wpf.Theming.csproj", "{50B9C861-0478-4AF3-958E-54F9AEC3A614}"
EndProject
Project("{9A19103F-16F7-4668-BE54-9A1E7A4F7556}") = "Atc.Wpf.Controls", "src\Atc.Wpf.Controls\Atc.Wpf.Controls.csproj", "{286557DA-8BB2-4302-B4C7-28CB81161B16}"
EndProject
Project("{9A19103F-16F7-4668-BE54-9A1E7A4F7556}") = "Atc.Wpf.Controls.Tests", "test\Atc.Wpf.Controls.Tests\Atc.Wpf.Controls.Tests.csproj", "{79029D19-6EB8-4E59-9CD1-72B08B301BF6}"
EndProject
Project("{2150E333-8FDC-42A3-9474-1A3956D46DE8}") = "tool", "tool", "{4E909F95-FAC5-4A3F-AEC6-DEAB535BEC64}"
EndProject
Project("{9A19103F-16F7-4668-BE54-9A1E7A4F7556}") = "Atc.Wpf.Generator.FontIconResources", "tool\Atc.Wpf.Generator.FontIconResources\Atc.Wpf.Generator.FontIconResources.csproj", "{A44E762D-9D36-462E-91DC-FDA18058556F}"
EndProject
Project("{9A19103F-16F7-4668-BE54-9A1E7A4F7556}") = "Atc.Wpf.FontIcons", "src\Atc.Wpf.FontIcons\Atc.Wpf.FontIcons.csproj", "{BB036D9C-2C70-40FD-B997-338A46EE91AC}"
EndProject
Project("{2150E333-8FDC-42A3-9474-1A3956D46DE8}") = "docs", "docs", "{133AFD8A-A870-41D7-8A97-763A36D2502A}"
	ProjectSection(SolutionItems) = preProject
		README.md = README.md
	EndProjectSection
EndProject
Global
	GlobalSection(SolutionConfigurationPlatforms) = preSolution
		Debug|Any CPU = Debug|Any CPU
		Release|Any CPU = Release|Any CPU
	EndGlobalSection
	GlobalSection(ProjectConfigurationPlatforms) = postSolution
		{281A8963-0302-4E28-84FB-8D16A13F6B2B}.Debug|Any CPU.ActiveCfg = Debug|Any CPU
		{281A8963-0302-4E28-84FB-8D16A13F6B2B}.Debug|Any CPU.Build.0 = Debug|Any CPU
		{281A8963-0302-4E28-84FB-8D16A13F6B2B}.Release|Any CPU.ActiveCfg = Release|Any CPU
		{281A8963-0302-4E28-84FB-8D16A13F6B2B}.Release|Any CPU.Build.0 = Release|Any CPU
		{C8D94D8E-5177-4EEE-8056-A3764B247013}.Debug|Any CPU.ActiveCfg = Debug|Any CPU
		{C8D94D8E-5177-4EEE-8056-A3764B247013}.Debug|Any CPU.Build.0 = Debug|Any CPU
		{C8D94D8E-5177-4EEE-8056-A3764B247013}.Release|Any CPU.ActiveCfg = Release|Any CPU
		{C8D94D8E-5177-4EEE-8056-A3764B247013}.Release|Any CPU.Build.0 = Release|Any CPU
		{0FBD009E-1905-4354-980E-9AD5199BD172}.Debug|Any CPU.ActiveCfg = Debug|Any CPU
		{0FBD009E-1905-4354-980E-9AD5199BD172}.Debug|Any CPU.Build.0 = Debug|Any CPU
		{0FBD009E-1905-4354-980E-9AD5199BD172}.Release|Any CPU.ActiveCfg = Release|Any CPU
		{0FBD009E-1905-4354-980E-9AD5199BD172}.Release|Any CPU.Build.0 = Release|Any CPU
		{50B9C861-0478-4AF3-958E-54F9AEC3A614}.Debug|Any CPU.ActiveCfg = Debug|Any CPU
		{50B9C861-0478-4AF3-958E-54F9AEC3A614}.Debug|Any CPU.Build.0 = Debug|Any CPU
		{50B9C861-0478-4AF3-958E-54F9AEC3A614}.Release|Any CPU.ActiveCfg = Release|Any CPU
		{50B9C861-0478-4AF3-958E-54F9AEC3A614}.Release|Any CPU.Build.0 = Release|Any CPU
		{286557DA-8BB2-4302-B4C7-28CB81161B16}.Debug|Any CPU.ActiveCfg = Debug|Any CPU
		{286557DA-8BB2-4302-B4C7-28CB81161B16}.Debug|Any CPU.Build.0 = Debug|Any CPU
		{286557DA-8BB2-4302-B4C7-28CB81161B16}.Release|Any CPU.ActiveCfg = Release|Any CPU
		{286557DA-8BB2-4302-B4C7-28CB81161B16}.Release|Any CPU.Build.0 = Release|Any CPU
		{79029D19-6EB8-4E59-9CD1-72B08B301BF6}.Debug|Any CPU.ActiveCfg = Debug|Any CPU
		{79029D19-6EB8-4E59-9CD1-72B08B301BF6}.Debug|Any CPU.Build.0 = Debug|Any CPU
		{79029D19-6EB8-4E59-9CD1-72B08B301BF6}.Release|Any CPU.ActiveCfg = Release|Any CPU
		{79029D19-6EB8-4E59-9CD1-72B08B301BF6}.Release|Any CPU.Build.0 = Release|Any CPU
		{A44E762D-9D36-462E-91DC-FDA18058556F}.Debug|Any CPU.ActiveCfg = Debug|Any CPU
		{A44E762D-9D36-462E-91DC-FDA18058556F}.Debug|Any CPU.Build.0 = Debug|Any CPU
		{A44E762D-9D36-462E-91DC-FDA18058556F}.Release|Any CPU.ActiveCfg = Release|Any CPU
		{A44E762D-9D36-462E-91DC-FDA18058556F}.Release|Any CPU.Build.0 = Release|Any CPU
		{BB036D9C-2C70-40FD-B997-338A46EE91AC}.Debug|Any CPU.ActiveCfg = Debug|Any CPU
		{BB036D9C-2C70-40FD-B997-338A46EE91AC}.Debug|Any CPU.Build.0 = Debug|Any CPU
		{BB036D9C-2C70-40FD-B997-338A46EE91AC}.Release|Any CPU.ActiveCfg = Release|Any CPU
		{BB036D9C-2C70-40FD-B997-338A46EE91AC}.Release|Any CPU.Build.0 = Release|Any CPU
	EndGlobalSection
	GlobalSection(SolutionProperties) = preSolution
		HideSolutionNode = FALSE
	EndGlobalSection
	GlobalSection(NestedProjects) = preSolution
		{281A8963-0302-4E28-84FB-8D16A13F6B2B} = {2C893B25-2401-44B7-9FDA-7DC496C00D2B}
		{C8D94D8E-5177-4EEE-8056-A3764B247013} = {CBB934C5-7D23-4490-8A8F-8807DEC9543D}
		{0FBD009E-1905-4354-980E-9AD5199BD172} = {0FA723AA-8BA7-42AD-9C08-6491F364A258}
		{50B9C861-0478-4AF3-958E-54F9AEC3A614} = {0FA723AA-8BA7-42AD-9C08-6491F364A258}
		{286557DA-8BB2-4302-B4C7-28CB81161B16} = {0FA723AA-8BA7-42AD-9C08-6491F364A258}
		{79029D19-6EB8-4E59-9CD1-72B08B301BF6} = {2C893B25-2401-44B7-9FDA-7DC496C00D2B}
		{A44E762D-9D36-462E-91DC-FDA18058556F} = {4E909F95-FAC5-4A3F-AEC6-DEAB535BEC64}
		{BB036D9C-2C70-40FD-B997-338A46EE91AC} = {0FA723AA-8BA7-42AD-9C08-6491F364A258}
	EndGlobalSection
	GlobalSection(ExtensibilityGlobals) = postSolution
		RESX_Rules = {"EnabledRules":["StringFormat","WhiteSpaceLead","WhiteSpaceTail","PunctuationTail"]}
		SolutionGuid = {7A92D7EC-F444-456B-A86C-D6683E016C35}
	EndGlobalSection
EndGlobal
