Microsoft Visual Studio Solution File, Format Version 12.00
# Visual Studio Version 17
VisualStudioVersion = 17.5.2.0
MinimumVisualStudioVersion = 10.0.40219.1
Project("{FAE04EC0-301F-11D3-BF4B-00C04F79EFBC}") = "Atc.Wpf.SourceGenerators", "Atc.Wpf.SourceGenerators.csproj", "{D78701E8-8AB4-7A08-DFA4-96B035283ACD}"
EndProject
Global
	GlobalSection(SolutionConfigurationPlatforms) = preSolution
		Debug|Any CPU = Debug|Any CPU
		Release|Any CPU = Release|Any CPU
	EndGlobalSection
	GlobalSection(ProjectConfigurationPlatforms) = postSolution
		{D78701E8-8AB4-7A08-DFA4-96B035283ACD}.Debug|Any CPU.ActiveCfg = Debug|Any CPU
		{D78701E8-8AB4-7A08-DFA4-96B035283ACD}.Debug|Any CPU.Build.0 = Debug|Any CPU
		{D78701E8-8AB4-7A08-DFA4-96B035283ACD}.Release|Any CPU.ActiveCfg = Release|Any CPU
		{D78701E8-8AB4-7A08-DFA4-96B035283ACD}.Release|Any CPU.Build.0 = Release|Any CPU
	EndGlobalSection
	GlobalSection(SolutionProperties) = preSolution
		HideSolutionNode = FALSE
	EndGlobalSection
	GlobalSection(ExtensibilityGlobals) = postSolution
		SolutionGuid = {7A04BC7F-DA58-4747-84C2-220242AC6D9C}
	EndGlobalSection
EndGlobal
