Microsoft Visual Studio Solution File, Format Version 12.00
# Visual Studio Version 17
VisualStudioVersion = 17.5.2.0
MinimumVisualStudioVersion = 10.0.40219.1
Project("{FAE04EC0-301F-11D3-BF4B-00C04F79EFBC}") = "Atc.Wpf.Forms", "Atc.Wpf.Forms.csproj", "{D157AA86-E5C7-1EF5-A976-E6C4325D745E}"
EndProject
Global
	GlobalSection(SolutionConfigurationPlatforms) = preSolution
		Debug|Any CPU = Debug|Any CPU
		Release|Any CPU = Release|Any CPU
	EndGlobalSection
	GlobalSection(ProjectConfigurationPlatforms) = postSolution
		{D157AA86-E5C7-1EF5-A976-E6C4325D745E}.Debug|Any CPU.ActiveCfg = Debug|Any CPU
		{D157AA86-E5C7-1EF5-A976-E6C4325D745E}.Debug|Any CPU.Build.0 = Debug|Any CPU
		{D157AA86-E5C7-1EF5-A976-E6C4325D745E}.Release|Any CPU.ActiveCfg = Release|Any CPU
		{D157AA86-E5C7-1EF5-A976-E6C4325D745E}.Release|Any CPU.Build.0 = Release|Any CPU
	EndGlobalSection
	GlobalSection(SolutionProperties) = preSolution
		HideSolutionNode = FALSE
	EndGlobalSection
	GlobalSection(ExtensibilityGlobals) = postSolution
		SolutionGuid = {A1A0FC6B-F61B-4218-A4DF-2C3E7C1AD56C}
	EndGlobalSection
EndGlobal
